// !$*UTF8*$!
{
	archiveVersion = 1;
	classes = {
	};
	objectVersion = 56;
	objects = {

/* Begin PBXBuildFile section */
		75BD086F2A335C9400DA5910 /* AppDelegate.swift in Sources */ = {isa = PBXBuildFile; fileRef = 75BD086E2A335C9400DA5910 /* AppDelegate.swift */; };
		75BD08712A335C9400DA5910 /* SceneDelegate.swift in Sources */ = {isa = PBXBuildFile; fileRef = 75BD08702A335C9400DA5910 /* SceneDelegate.swift */; };
		75BD08732A335C9400DA5910 /* ViewController.swift in Sources */ = {isa = PBXBuildFile; fileRef = 75BD08722A335C9400DA5910 /* ViewController.swift */; };
		75BD08762A335C9400DA5910 /* Main.storyboard in Resources */ = {isa = PBXBuildFile; fileRef = 75BD08742A335C9400DA5910 /* Main.storyboard */; };
		75BD08782A335C9500DA5910 /* Assets.xcassets in Resources */ = {isa = PBXBuildFile; fileRef = 75BD08772A335C9500DA5910 /* Assets.xcassets */; };
		75BD087B2A335C9500DA5910 /* LaunchScreen.storyboard in Resources */ = {isa = PBXBuildFile; fileRef = 75BD08792A335C9500DA5910 /* LaunchScreen.storyboard */; };
		75BD089F2A335D0E00DA5910 /* Movie.swift in Sources */ = {isa = PBXBuildFile; fileRef = 75BD089E2A335D0E00DA5910 /* Movie.swift */; };
		75BD08A12A335D3C00DA5910 /* Weapon.swift in Sources */ = {isa = PBXBuildFile; fileRef = 75BD08A02A335D3C00DA5910 /* Weapon.swift */; };
		75BD08A32A33665C00DA5910 /* MovieTests.swift in Sources */ = {isa = PBXBuildFile; fileRef = 75BD08A22A33665C00DA5910 /* MovieTests.swift */; };
		75BD08A42A3366ED00DA5910 /* Movie.swift in Sources */ = {isa = PBXBuildFile; fileRef = 75BD089E2A335D0E00DA5910 /* Movie.swift */; };
		75BD08A62A336C1200DA5910 /* WeaponTests.swift in Sources */ = {isa = PBXBuildFile; fileRef = 75BD08A52A336C1200DA5910 /* WeaponTests.swift */; };
		75BD08A72A336C3000DA5910 /* Weapon.swift in Sources */ = {isa = PBXBuildFile; fileRef = 75BD08A02A335D3C00DA5910 /* Weapon.swift */; };
/* End PBXBuildFile section */

/* Begin PBXContainerItemProxy section */
		75BD08822A335C9500DA5910 /* PBXContainerItemProxy */ = {
			isa = PBXContainerItemProxy;
			containerPortal = 75BD08632A335C9400DA5910 /* Project object */;
			proxyType = 1;
			remoteGlobalIDString = 75BD086A2A335C9400DA5910;
			remoteInfo = Tests;
		};
/* End PBXContainerItemProxy section */

/* Begin PBXFileReference section */
		75BD086B2A335C9400DA5910 /* Tests.app */ = {isa = PBXFileReference; explicitFileType = wrapper.application; includeInIndex = 0; path = Tests.app; sourceTree = BUILT_PRODUCTS_DIR; };
		75BD086E2A335C9400DA5910 /* AppDelegate.swift */ = {isa = PBXFileReference; lastKnownFileType = sourcecode.swift; path = AppDelegate.swift; sourceTree = "<group>"; };
		75BD08702A335C9400DA5910 /* SceneDelegate.swift */ = {isa = PBXFileReference; lastKnownFileType = sourcecode.swift; path = SceneDelegate.swift; sourceTree = "<group>"; };
		75BD08722A335C9400DA5910 /* ViewController.swift */ = {isa = PBXFileReference; lastKnownFileType = sourcecode.swift; path = ViewController.swift; sourceTree = "<group>"; };
		75BD08752A335C9400DA5910 /* Base */ = {isa = PBXFileReference; lastKnownFileType = file.storyboard; name = Base; path = Base.lproj/Main.storyboard; sourceTree = "<group>"; };
		75BD08772A335C9500DA5910 /* Assets.xcassets */ = {isa = PBXFileReference; lastKnownFileType = folder.assetcatalog; path = Assets.xcassets; sourceTree = "<group>"; };
		75BD087A2A335C9500DA5910 /* Base */ = {isa = PBXFileReference; lastKnownFileType = file.storyboard; name = Base; path = Base.lproj/LaunchScreen.storyboard; sourceTree = "<group>"; };
		75BD087C2A335C9500DA5910 /* Info.plist */ = {isa = PBXFileReference; lastKnownFileType = text.plist.xml; path = Info.plist; sourceTree = "<group>"; };
		75BD08812A335C9500DA5910 /* TestsTests.xctest */ = {isa = PBXFileReference; explicitFileType = wrapper.cfbundle; includeInIndex = 0; path = TestsTests.xctest; sourceTree = BUILT_PRODUCTS_DIR; };
		75BD089E2A335D0E00DA5910 /* Movie.swift */ = {isa = PBXFileReference; lastKnownFileType = sourcecode.swift; path = Movie.swift; sourceTree = "<group>"; };
		75BD08A02A335D3C00DA5910 /* Weapon.swift */ = {isa = PBXFileReference; lastKnownFileType = sourcecode.swift; path = Weapon.swift; sourceTree = "<group>"; };
		75BD08A22A33665C00DA5910 /* MovieTests.swift */ = {isa = PBXFileReference; lastKnownFileType = sourcecode.swift; path = MovieTests.swift; sourceTree = "<group>"; };
		75BD08A52A336C1200DA5910 /* WeaponTests.swift */ = {isa = PBXFileReference; lastKnownFileType = sourcecode.swift; path = WeaponTests.swift; sourceTree = "<group>"; };
/* End PBXFileReference section */

/* Begin PBXFrameworksBuildPhase section */
		75BD08682A335C9400DA5910 /* Frameworks */ = {
			isa = PBXFrameworksBuildPhase;
			buildActionMask = 2147483647;
			files = (
			);
			runOnlyForDeploymentPostprocessing = 0;
		};
		75BD087E2A335C9500DA5910 /* Frameworks */ = {
			isa = PBXFrameworksBuildPhase;
			buildActionMask = 2147483647;
			files = (
			);
			runOnlyForDeploymentPostprocessing = 0;
		};
/* End PBXFrameworksBuildPhase section */

/* Begin PBXGroup section */
		75BD08622A335C9400DA5910 = {
			isa = PBXGroup;
			children = (
				75BD086D2A335C9400DA5910 /* Tests */,
				75BD08842A335C9500DA5910 /* TestsTests */,
				75BD086C2A335C9400DA5910 /* Products */,
			);
			sourceTree = "<group>";
		};
		75BD086C2A335C9400DA5910 /* Products */ = {
			isa = PBXGroup;
			children = (
				75BD086B2A335C9400DA5910 /* Tests.app */,
				75BD08812A335C9500DA5910 /* TestsTests.xctest */,
			);
			name = Products;
			sourceTree = "<group>";
		};
		75BD086D2A335C9400DA5910 /* Tests */ = {
			isa = PBXGroup;
			children = (
				75BD086E2A335C9400DA5910 /* AppDelegate.swift */,
				75BD08702A335C9400DA5910 /* SceneDelegate.swift */,
				75BD08722A335C9400DA5910 /* ViewController.swift */,
				75BD08742A335C9400DA5910 /* Main.storyboard */,
				75BD08772A335C9500DA5910 /* Assets.xcassets */,
				75BD08792A335C9500DA5910 /* LaunchScreen.storyboard */,
				75BD087C2A335C9500DA5910 /* Info.plist */,
				75BD089E2A335D0E00DA5910 /* Movie.swift */,
				75BD08A02A335D3C00DA5910 /* Weapon.swift */,
			);
			path = Tests;
			sourceTree = "<group>";
		};
		75BD08842A335C9500DA5910 /* TestsTests */ = {
			isa = PBXGroup;
			children = (
				75BD08A22A33665C00DA5910 /* MovieTests.swift */,
				75BD08A52A336C1200DA5910 /* WeaponTests.swift */,
			);
			path = TestsTests;
			sourceTree = "<group>";
		};
/* End PBXGroup section */

/* Begin PBXNativeTarget section */
		75BD086A2A335C9400DA5910 /* Tests */ = {
			isa = PBXNativeTarget;
			buildConfigurationList = 75BD08952A335C9500DA5910 /* Build configuration list for PBXNativeTarget "Tests" */;
			buildPhases = (
				75BD08672A335C9400DA5910 /* Sources */,
				75BD08682A335C9400DA5910 /* Frameworks */,
				75BD08692A335C9400DA5910 /* Resources */,
			);
			buildRules = (
			);
			dependencies = (
			);
			name = Tests;
			productName = Tests;
			productReference = 75BD086B2A335C9400DA5910 /* Tests.app */;
			productType = "com.apple.product-type.application";
		};
		75BD08802A335C9500DA5910 /* TestsTests */ = {
			isa = PBXNativeTarget;
			buildConfigurationList = 75BD08982A335C9500DA5910 /* Build configuration list for PBXNativeTarget "TestsTests" */;
			buildPhases = (
				75BD087D2A335C9500DA5910 /* Sources */,
				75BD087E2A335C9500DA5910 /* Frameworks */,
				75BD087F2A335C9500DA5910 /* Resources */,
			);
			buildRules = (
			);
			dependencies = (
				75BD08832A335C9500DA5910 /* PBXTargetDependency */,
			);
			name = TestsTests;
			productName = TestsTests;
			productReference = 75BD08812A335C9500DA5910 /* TestsTests.xctest */;
			productType = "com.apple.product-type.bundle.unit-test";
		};
/* End PBXNativeTarget section */

/* Begin PBXProject section */
		75BD08632A335C9400DA5910 /* Project object */ = {
			isa = PBXProject;
			attributes = {
				BuildIndependentTargetsInParallel = 1;
				LastSwiftUpdateCheck = 1430;
				LastUpgradeCheck = 1430;
				TargetAttributes = {
					75BD086A2A335C9400DA5910 = {
						CreatedOnToolsVersion = 14.3.1;
					};
					75BD08802A335C9500DA5910 = {
						CreatedOnToolsVersion = 14.3.1;
						TestTargetID = 75BD086A2A335C9400DA5910;
					};
				};
			};
			buildConfigurationList = 75BD08662A335C9400DA5910 /* Build configuration list for PBXProject "Tests" */;
			compatibilityVersion = "Xcode 14.0";
			developmentRegion = en;
			hasScannedForEncodings = 0;
			knownRegions = (
				en,
				Base,
			);
			mainGroup = 75BD08622A335C9400DA5910;
			productRefGroup = 75BD086C2A335C9400DA5910 /* Products */;
			projectDirPath = "";
			projectRoot = "";
			targets = (
				75BD086A2A335C9400DA5910 /* Tests */,
				75BD08802A335C9500DA5910 /* TestsTests */,
			);
		};
/* End PBXProject section */

/* Begin PBXResourcesBuildPhase section */
		75BD08692A335C9400DA5910 /* Resources */ = {
			isa = PBXResourcesBuildPhase;
			buildActionMask = 2147483647;
			files = (
				75BD087B2A335C9500DA5910 /* LaunchScreen.storyboard in Resources */,
				75BD08782A335C9500DA5910 /* Assets.xcassets in Resources */,
				75BD08762A335C9400DA5910 /* Main.storyboard in Resources */,
			);
			runOnlyForDeploymentPostprocessing = 0;
		};
		75BD087F2A335C9500DA5910 /* Resources */ = {
			isa = PBXResourcesBuildPhase;
			buildActionMask = 2147483647;
			files = (
			);
			runOnlyForDeploymentPostprocessing = 0;
		};
/* End PBXResourcesBuildPhase section */

/* Begin PBXSourcesBuildPhase section */
		75BD08672A335C9400DA5910 /* Sources */ = {
			isa = PBXSourcesBuildPhase;
			buildActionMask = 2147483647;
			files = (
				75BD08A12A335D3C00DA5910 /* Weapon.swift in Sources */,
				75BD08732A335C9400DA5910 /* ViewController.swift in Sources */,
				75BD089F2A335D0E00DA5910 /* Movie.swift in Sources */,
				75BD086F2A335C9400DA5910 /* AppDelegate.swift in Sources */,
				75BD08712A335C9400DA5910 /* SceneDelegate.swift in Sources */,
			);
			runOnlyForDeploymentPostprocessing = 0;
		};
		75BD087D2A335C9500DA5910 /* Sources */ = {
			isa = PBXSourcesBuildPhase;
			buildActionMask = 2147483647;
			files = (
				75BD08A72A336C3000DA5910 /* Weapon.swift in Sources */,
				75BD08A32A33665C00DA5910 /* MovieTests.swift in Sources */,
				75BD08A62A336C1200DA5910 /* WeaponTests.swift in Sources */,
				75BD08A42A3366ED00DA5910 /* Movie.swift in Sources */,
			);
			runOnlyForDeploymentPostprocessing = 0;
		};
/* End PBXSourcesBuildPhase section */

/* Begin PBXTargetDependency section */
		75BD08832A335C9500DA5910 /* PBXTargetDependency */ = {
			isa = PBXTargetDependency;
			target = 75BD086A2A335C9400DA5910 /* Tests */;
			targetProxy = 75BD08822A335C9500DA5910 /* PBXContainerItemProxy */;
		};
/* End PBXTargetDependency section */

/* Begin PBXVariantGroup section */
		75BD08742A335C9400DA5910 /* Main.storyboard */ = {
			isa = PBXVariantGroup;
			children = (
				75BD08752A335C9400DA5910 /* Base */,
			);
			name = Main.storyboard;
			sourceTree = "<group>";
		};
		75BD08792A335C9500DA5910 /* LaunchScreen.storyboard */ = {
			isa = PBXVariantGroup;
			children = (
				75BD087A2A335C9500DA5910 /* Base */,
			);
			name = LaunchScreen.storyboard;
			sourceTree = "<group>";
		};
/* End PBXVariantGroup section */

/* Begin XCBuildConfiguration section */
		75BD08932A335C9500DA5910 /* Debug */ = {
			isa = XCBuildConfiguration;
			buildSettings = {
				ALWAYS_SEARCH_USER_PATHS = NO;
				CLANG_ANALYZER_NONNULL = YES;
				CLANG_ANALYZER_NUMBER_OBJECT_CONVERSION = YES_AGGRESSIVE;
				CLANG_CXX_LANGUAGE_STANDARD = "gnu++20";
				CLANG_ENABLE_MODULES = YES;
				CLANG_ENABLE_OBJC_ARC = YES;
				CLANG_ENABLE_OBJC_WEAK = YES;
				CLANG_WARN_BLOCK_CAPTURE_AUTORELEASING = YES;
				CLANG_WARN_BOOL_CONVERSION = YES;
				CLANG_WARN_COMMA = YES;
				CLANG_WARN_CONSTANT_CONVERSION = YES;
				CLANG_WARN_DEPRECATED_OBJC_IMPLEMENTATIONS = YES;
				CLANG_WARN_DIRECT_OBJC_ISA_USAGE = YES_ERROR;
				CLANG_WARN_DOCUMENTATION_COMMENTS = YES;
				CLANG_WARN_EMPTY_BODY = YES;
				CLANG_WARN_ENUM_CONVERSION = YES;
				CLANG_WARN_INFINITE_RECURSION = YES;
				CLANG_WARN_INT_CONVERSION = YES;
				CLANG_WARN_NON_LITERAL_NULL_CONVERSION = YES;
				CLANG_WARN_OBJC_IMPLICIT_RETAIN_SELF = YES;
				CLANG_WARN_OBJC_LITERAL_CONVERSION = YES;
				CLANG_WARN_OBJC_ROOT_CLASS = YES_ERROR;
				CLANG_WARN_QUOTED_INCLUDE_IN_FRAMEWORK_HEADER = YES;
				CLANG_WARN_RANGE_LOOP_ANALYSIS = YES;
				CLANG_WARN_STRICT_PROTOTYPES = YES;
				CLANG_WARN_SUSPICIOUS_MOVE = YES;
				CLANG_WARN_UNGUARDED_AVAILABILITY = YES_AGGRESSIVE;
				CLANG_WARN_UNREACHABLE_CODE = YES;
				CLANG_WARN__DUPLICATE_METHOD_MATCH = YES;
				COPY_PHASE_STRIP = NO;
				DEBUG_INFORMATION_FORMAT = dwarf;
				ENABLE_STRICT_OBJC_MSGSEND = YES;
				ENABLE_TESTABILITY = YES;
				GCC_C_LANGUAGE_STANDARD = gnu11;
				GCC_DYNAMIC_NO_PIC = NO;
				GCC_NO_COMMON_BLOCKS = YES;
				GCC_OPTIMIZATION_LEVEL = 0;
				GCC_PREPROCESSOR_DEFINITIONS = (
					"DEBUG=1",
					"$(inherited)",
				);
				GCC_WARN_64_TO_32_BIT_CONVERSION = YES;
				GCC_WARN_ABOUT_RETURN_TYPE = YES_ERROR;
				GCC_WARN_UNDECLARED_SELECTOR = YES;
				GCC_WARN_UNINITIALIZED_AUTOS = YES_AGGRESSIVE;
				GCC_WARN_UNUSED_FUNCTION = YES;
				GCC_WARN_UNUSED_VARIABLE = YES;
				IPHONEOS_DEPLOYMENT_TARGET = 16.4;
				MTL_ENABLE_DEBUG_INFO = INCLUDE_SOURCE;
				MTL_FAST_MATH = YES;
				ONLY_ACTIVE_ARCH = YES;
				SDKROOT = iphoneos;
				SWIFT_ACTIVE_COMPILATION_CONDITIONS = DEBUG;
				SWIFT_OPTIMIZATION_LEVEL = "-Onone";
			};
			name = Debug;
		};
		75BD08942A335C9500DA5910 /* Release */ = {
			isa = XCBuildConfiguration;
			buildSettings = {
				ALWAYS_SEARCH_USER_PATHS = NO;
				CLANG_ANALYZER_NONNULL = YES;
				CLANG_ANALYZER_NUMBER_OBJECT_CONVERSION = YES_AGGRESSIVE;
				CLANG_CXX_LANGUAGE_STANDARD = "gnu++20";
				CLANG_ENABLE_MODULES = YES;
				CLANG_ENABLE_OBJC_ARC = YES;
				CLANG_ENABLE_OBJC_WEAK = YES;
				CLANG_WARN_BLOCK_CAPTURE_AUTORELEASING = YES;
				CLANG_WARN_BOOL_CONVERSION = YES;
				CLANG_WARN_COMMA = YES;
				CLANG_WARN_CONSTANT_CONVERSION = YES;
				CLANG_WARN_DEPRECATED_OBJC_IMPLEMENTATIONS = YES;
				CLANG_WARN_DIRECT_OBJC_ISA_USAGE = YES_ERROR;
				CLANG_WARN_DOCUMENTATION_COMMENTS = YES;
				CLANG_WARN_EMPTY_BODY = YES;
				CLANG_WARN_ENUM_CONVERSION = YES;
				CLANG_WARN_INFINITE_RECURSION = YES;
				CLANG_WARN_INT_CONVERSION = YES;
				CLANG_WARN_NON_LITERAL_NULL_CONVERSION = YES;
				CLANG_WARN_OBJC_IMPLICIT_RETAIN_SELF = YES;
				CLANG_WARN_OBJC_LITERAL_CONVERSION = YES;
				CLANG_WARN_OBJC_ROOT_CLASS = YES_ERROR;
				CLANG_WARN_QUOTED_INCLUDE_IN_FRAMEWORK_HEADER = YES;
				CLANG_WARN_RANGE_LOOP_ANALYSIS = YES;
				CLANG_WARN_STRICT_PROTOTYPES = YES;
				CLANG_WARN_SUSPICIOUS_MOVE = YES;
				CLANG_WARN_UNGUARDED_AVAILABILITY = YES_AGGRESSIVE;
				CLANG_WARN_UNREACHABLE_CODE = YES;
				CLANG_WARN__DUPLICATE_METHOD_MATCH = YES;
				COPY_PHASE_STRIP = NO;
				DEBUG_INFORMATION_FORMAT = "dwarf-with-dsym";
				ENABLE_NS_ASSERTIONS = NO;
				ENABLE_STRICT_OBJC_MSGSEND = YES;
				GCC_C_LANGUAGE_STANDARD = gnu11;
				GCC_NO_COMMON_BLOCKS = YES;
				GCC_WARN_64_TO_32_BIT_CONVERSION = YES;
				GCC_WARN_ABOUT_RETURN_TYPE = YES_ERROR;
				GCC_WARN_UNDECLARED_SELECTOR = YES;
				GCC_WARN_UNINITIALIZED_AUTOS = YES_AGGRESSIVE;
				GCC_WARN_UNUSED_FUNCTION = YES;
				GCC_WARN_UNUSED_VARIABLE = YES;
				IPHONEOS_DEPLOYMENT_TARGET = 16.4;
				MTL_ENABLE_DEBUG_INFO = NO;
				MTL_FAST_MATH = YES;
				SDKROOT = iphoneos;
				SWIFT_COMPILATION_MODE = wholemodule;
				SWIFT_OPTIMIZATION_LEVEL = "-O";
				VALIDATE_PRODUCT = YES;
			};
			name = Release;
		};
		75BD08962A335C9500DA5910 /* Debug */ = {
			isa = XCBuildConfiguration;
			buildSettings = {
				ASSETCATALOG_COMPILER_APPICON_NAME = AppIcon;
				ASSETCATALOG_COMPILER_GLOBAL_ACCENT_COLOR_NAME = AccentColor;
				CODE_SIGN_STYLE = Automatic;
				CURRENT_PROJECT_VERSION = 1;
				DEVELOPMENT_TEAM = QKXUJ9425T;
				GENERATE_INFOPLIST_FILE = YES;
				INFOPLIST_FILE = Tests/Info.plist;
				INFOPLIST_KEY_UIApplicationSupportsIndirectInputEvents = YES;
				INFOPLIST_KEY_UILaunchStoryboardName = LaunchScreen;
				INFOPLIST_KEY_UIMainStoryboardFile = Main;
				INFOPLIST_KEY_UISupportedInterfaceOrientations_iPad = "UIInterfaceOrientationPortrait UIInterfaceOrientationPortraitUpsideDown UIInterfaceOrientationLandscapeLeft UIInterfaceOrientationLandscapeRight";
				INFOPLIST_KEY_UISupportedInterfaceOrientations_iPhone = "UIInterfaceOrientationPortrait UIInterfaceOrientationLandscapeLeft UIInterfaceOrientationLandscapeRight";
				LD_RUNPATH_SEARCH_PATHS = (
					"$(inherited)",
					"@executable_path/Frameworks",
				);
				MARKETING_VERSION = 1.0;
				PRODUCT_BUNDLE_IDENTIFIER = ale.rodca04.Tests;
				PRODUCT_NAME = "$(TARGET_NAME)";
				SWIFT_EMIT_LOC_STRINGS = YES;
				SWIFT_VERSION = 5.0;
				TARGETED_DEVICE_FAMILY = "1,2";
			};
			name = Debug;
		};
		75BD08972A335C9500DA5910 /* Release */ = {
			isa = XCBuildConfiguration;
			buildSettings = {
				ASSETCATALOG_COMPILER_APPICON_NAME = AppIcon;
				ASSETCATALOG_COMPILER_GLOBAL_ACCENT_COLOR_NAME = AccentColor;
				CODE_SIGN_STYLE = Automatic;
				CURRENT_PROJECT_VERSION = 1;
				DEVELOPMENT_TEAM = QKXUJ9425T;
				GENERATE_INFOPLIST_FILE = YES;
				INFOPLIST_FILE = Tests/Info.plist;
				INFOPLIST_KEY_UIApplicationSupportsIndirectInputEvents = YES;
				INFOPLIST_KEY_UILaunchStoryboardName = LaunchScreen;
				INFOPLIST_KEY_UIMainStoryboardFile = Main;
				INFOPLIST_KEY_UISupportedInterfaceOrientations_iPad = "UIInterfaceOrientationPortrait UIInterfaceOrientationPortraitUpsideDown UIInterfaceOrientationLandscapeLeft UIInterfaceOrientationLandscapeRight";
				INFOPLIST_KEY_UISupportedInterfaceOrientations_iPhone = "UIInterfaceOrientationPortrait UIInterfaceOrientationLandscapeLeft UIInterfaceOrientationLandscapeRight";
				LD_RUNPATH_SEARCH_PATHS = (
					"$(inherited)",
					"@executable_path/Frameworks",
				);
				MARKETING_VERSION = 1.0;
				PRODUCT_BUNDLE_IDENTIFIER = ale.rodca04.Tests;
				PRODUCT_NAME = "$(TARGET_NAME)";
				SWIFT_EMIT_LOC_STRINGS = YES;
				SWIFT_VERSION = 5.0;
				TARGETED_DEVICE_FAMILY = "1,2";
			};
			name = Release;
		};
		75BD08992A335C9500DA5910 /* Debug */ = {
			isa = XCBuildConfiguration;
			buildSettings = {
				ALWAYS_EMBED_SWIFT_STANDARD_LIBRARIES = YES;
				BUNDLE_LOADER = "$(TEST_HOST)";
				CODE_SIGN_STYLE = Automatic;
				CURRENT_PROJECT_VERSION = 1;
				GENERATE_INFOPLIST_FILE = YES;
				IPHONEOS_DEPLOYMENT_TARGET = 16.4;
				MARKETING_VERSION = 1.0;
				PRODUCT_BUNDLE_IDENTIFIER = ale.rodca04.TestsTests;
				PRODUCT_NAME = "$(TARGET_NAME)";
				SWIFT_EMIT_LOC_STRINGS = NO;
				SWIFT_VERSION = 5.0;
				TARGETED_DEVICE_FAMILY = "1,2";
				TEST_HOST = "$(BUILT_PRODUCTS_DIR)/Tests.app/$(BUNDLE_EXECUTABLE_FOLDER_PATH)/Tests";
			};
			name = Debug;
		};
		75BD089A2A335C9500DA5910 /* Release */ = {
			isa = XCBuildConfiguration;
			buildSettings = {
				ALWAYS_EMBED_SWIFT_STANDARD_LIBRARIES = YES;
				BUNDLE_LOADER = "$(TEST_HOST)";
				CODE_SIGN_STYLE = Automatic;
				CURRENT_PROJECT_VERSION = 1;
				GENERATE_INFOPLIST_FILE = YES;
				IPHONEOS_DEPLOYMENT_TARGET = 16.4;
				MARKETING_VERSION = 1.0;
				PRODUCT_BUNDLE_IDENTIFIER = ale.rodca04.TestsTests;
				PRODUCT_NAME = "$(TARGET_NAME)";
				SWIFT_EMIT_LOC_STRINGS = NO;
				SWIFT_VERSION = 5.0;
				TARGETED_DEVICE_FAMILY = "1,2";
				TEST_HOST = "$(BUILT_PRODUCTS_DIR)/Tests.app/$(BUNDLE_EXECUTABLE_FOLDER_PATH)/Tests";
			};
			name = Release;
		};
/* End XCBuildConfiguration section */

/* Begin XCConfigurationList section */
		75BD08662A335C9400DA5910 /* Build configuration list for PBXProject "Tests" */ = {
			isa = XCConfigurationList;
			buildConfigurations = (
				75BD08932A335C9500DA5910 /* Debug */,
				75BD08942A335C9500DA5910 /* Release */,
			);
			defaultConfigurationIsVisible = 0;
			defaultConfigurationName = Release;
		};
		75BD08952A335C9500DA5910 /* Build configuration list for PBXNativeTarget "Tests" */ = {
			isa = XCConfigurationList;
			buildConfigurations = (
				75BD08962A335C9500DA5910 /* Debug */,
				75BD08972A335C9500DA5910 /* Release */,
			);
			defaultConfigurationIsVisible = 0;
			defaultConfigurationName = Release;
		};
		75BD08982A335C9500DA5910 /* Build configuration list for PBXNativeTarget "TestsTests" */ = {
			isa = XCConfigurationList;
			buildConfigurations = (
				75BD08992A335C9500DA5910 /* Debug */,
				75BD089A2A335C9500DA5910 /* Release */,
			);
			defaultConfigurationIsVisible = 0;
			defaultConfigurationName = Release;
		};
/* End XCConfigurationList section */
	};
	rootObject = 75BD08632A335C9400DA5910 /* Project object */;
}
